
Microsoft Visual Studio Solution File, Format Version 12.00
# Visual Studio Version 16
VisualStudioVersion = 16.0.30804.86
MinimumVisualStudioVersion = 10.0.40219.1
Project("{888888A0-9F3D-457C-B088-3A5042F75D52}") = "Game.py", "Game.py\Game.py.pyproj", "{E6E80F3C-E548-43A9-A5F1-42517D7F5B92}"
EndProject
Global
	GlobalSection(SolutionConfigurationPlatforms) = preSolution
		Debug|Any CPU = Debug|Any CPU
		Release|Any CPU = Release|Any CPU
	EndGlobalSection
	GlobalSection(ProjectConfigurationPlatforms) = postSolution
		{E6E80F3C-E548-43A9-A5F1-42517D7F5B92}.Debug|Any CPU.ActiveCfg = Debug|Any CPU
		{E6E80F3C-E548-43A9-A5F1-42517D7F5B92}.Release|Any CPU.ActiveCfg = Release|Any CPU
	EndGlobalSection
	GlobalSection(SolutionProperties) = preSolution
		HideSolutionNode = FALSE
	EndGlobalSection
	GlobalSection(ExtensibilityGlobals) = postSolution
		SolutionGuid = {D3FF8937-1258-4D13-92B2-6A801EE9547D}
	EndGlobalSection
EndGlobal
